
Microsoft Visual Studio Solution File, Format Version 12.00
# Visual Studio Version 17
VisualStudioVersion = 17.3.32922.545
MinimumVisualStudioVersion = 10.0.40219.1
Project("{FAE04EC0-301F-11D3-BF4B-00C04F79EFBC}") = "school_webform", "school_webform\school_webform.csproj", "{7967037C-F95D-42BD-8968-ECC4998BBA5E}"
EndProject
Global
	GlobalSection(SolutionConfigurationPlatforms) = preSolution
		Debug|Any CPU = Debug|Any CPU
		Release|Any CPU = Release|Any CPU
	EndGlobalSection
	GlobalSection(ProjectConfigurationPlatforms) = postSolution
		{7967037C-F95D-42BD-8968-ECC4998BBA5E}.Debug|Any CPU.ActiveCfg = Debug|Any CPU
		{7967037C-F95D-42BD-8968-ECC4998BBA5E}.Debug|Any CPU.Build.0 = Debug|Any CPU
		{7967037C-F95D-42BD-8968-ECC4998BBA5E}.Release|Any CPU.ActiveCfg = Release|Any CPU
		{7967037C-F95D-42BD-8968-ECC4998BBA5E}.Release|Any CPU.Build.0 = Release|Any CPU
	EndGlobalSection
	GlobalSection(SolutionProperties) = preSolution
		HideSolutionNode = FALSE
	EndGlobalSection
	GlobalSection(ExtensibilityGlobals) = postSolution
		SolutionGuid = {60FB9804-5051-49FB-94F0-340CC7BE1A21}
	EndGlobalSection
EndGlobal
