
Microsoft Visual Studio Solution File, Format Version 12.00
# Visual Studio Version 17
VisualStudioVersion = 17.3.32922.545
MinimumVisualStudioVersion = 10.0.40219.1
Project("{FAE04EC0-301F-11D3-BF4B-00C04F79EFBC}") = "school_mvc", "school_mvc\school_mvc.csproj", "{0C20F439-92D1-49E9-B991-E8A0152E3F87}"
	ProjectSection(ProjectDependencies) = postProject
		{BAE647B9-B127-48CE-B138-70BD3921F074} = {BAE647B9-B127-48CE-B138-70BD3921F074}
	EndProjectSection
EndProject
Project("{FAE04EC0-301F-11D3-BF4B-00C04F79EFBC}") = "school_db", "school_db\school_db.csproj", "{BAE647B9-B127-48CE-B138-70BD3921F074}"
EndProject
Global
	GlobalSection(SolutionConfigurationPlatforms) = preSolution
		Debug|Any CPU = Debug|Any CPU
		Release|Any CPU = Release|Any CPU
	EndGlobalSection
	GlobalSection(ProjectConfigurationPlatforms) = postSolution
		{0C20F439-92D1-49E9-B991-E8A0152E3F87}.Debug|Any CPU.ActiveCfg = Debug|Any CPU
		{0C20F439-92D1-49E9-B991-E8A0152E3F87}.Debug|Any CPU.Build.0 = Debug|Any CPU
		{0C20F439-92D1-49E9-B991-E8A0152E3F87}.Release|Any CPU.ActiveCfg = Release|Any CPU
		{0C20F439-92D1-49E9-B991-E8A0152E3F87}.Release|Any CPU.Build.0 = Release|Any CPU
		{BAE647B9-B127-48CE-B138-70BD3921F074}.Debug|Any CPU.ActiveCfg = Debug|Any CPU
		{BAE647B9-B127-48CE-B138-70BD3921F074}.Debug|Any CPU.Build.0 = Debug|Any CPU
		{BAE647B9-B127-48CE-B138-70BD3921F074}.Release|Any CPU.ActiveCfg = Release|Any CPU
		{BAE647B9-B127-48CE-B138-70BD3921F074}.Release|Any CPU.Build.0 = Release|Any CPU
	EndGlobalSection
	GlobalSection(SolutionProperties) = preSolution
		HideSolutionNode = FALSE
	EndGlobalSection
	GlobalSection(ExtensibilityGlobals) = postSolution
		SolutionGuid = {426DD694-BEBB-4FF6-8759-1AA887CD92F3}
	EndGlobalSection
EndGlobal
