
Microsoft Visual Studio Solution File, Format Version 12.00
# Visual Studio Version 17
VisualStudioVersion = 17.3.32804.467
MinimumVisualStudioVersion = 10.0.40219.1
Project("{FAE04EC0-301F-11D3-BF4B-00C04F79EFBC}") = "sorting_displaying", "ConsoleApp1\sorting_displaying.csproj", "{B8AC1DB3-2DDF-469F-AA68-17E87FB1A8B0}"
EndProject
Global
	GlobalSection(SolutionConfigurationPlatforms) = preSolution
		Debug|Any CPU = Debug|Any CPU
		Release|Any CPU = Release|Any CPU
	EndGlobalSection
	GlobalSection(ProjectConfigurationPlatforms) = postSolution
		{B8AC1DB3-2DDF-469F-AA68-17E87FB1A8B0}.Debug|Any CPU.ActiveCfg = Debug|Any CPU
		{B8AC1DB3-2DDF-469F-AA68-17E87FB1A8B0}.Debug|Any CPU.Build.0 = Debug|Any CPU
		{B8AC1DB3-2DDF-469F-AA68-17E87FB1A8B0}.Release|Any CPU.ActiveCfg = Release|Any CPU
		{B8AC1DB3-2DDF-469F-AA68-17E87FB1A8B0}.Release|Any CPU.Build.0 = Release|Any CPU
	EndGlobalSection
	GlobalSection(SolutionProperties) = preSolution
		HideSolutionNode = FALSE
	EndGlobalSection
	GlobalSection(ExtensibilityGlobals) = postSolution
		SolutionGuid = {F5C23F4E-AA98-4A19-BE09-ED541ACD65E8}
	EndGlobalSection
EndGlobal
